
Microsoft Visual Studio Solution File, Format Version 12.00
# Visual Studio Version 17
VisualStudioVersion = 17.2.32630.192
MinimumVisualStudioVersion = 10.0.40219.1
Project("{8BC9CEB8-8B4A-11D0-8D11-00A0C91BC942}") = "ConsoleApplication1", "ConsoleApplication1\ConsoleApplication1.vcxproj", "{6471D96B-12AB-4FCC-8D53-8E9D5FD443EB}"
EndProject
Global
	GlobalSection(SolutionConfigurationPlatforms) = preSolution
		Debug|x64 = Debug|x64
		Debug|x86 = Debug|x86
		Release|x64 = Release|x64
		Release|x86 = Release|x86
	EndGlobalSection
	GlobalSection(ProjectConfigurationPlatforms) = postSolution
		{6471D96B-12AB-4FCC-8D53-8E9D5FD443EB}.Debug|x64.ActiveCfg = Debug|x64
		{6471D96B-12AB-4FCC-8D53-8E9D5FD443EB}.Debug|x64.Build.0 = Debug|x64
		{6471D96B-12AB-4FCC-8D53-8E9D5FD443EB}.Debug|x86.ActiveCfg = Debug|Win32
		{6471D96B-12AB-4FCC-8D53-8E9D5FD443EB}.Debug|x86.Build.0 = Debug|Win32
		{6471D96B-12AB-4FCC-8D53-8E9D5FD443EB}.Release|x64.ActiveCfg = Release|x64
		{6471D96B-12AB-4FCC-8D53-8E9D5FD443EB}.Release|x64.Build.0 = Release|x64
		{6471D96B-12AB-4FCC-8D53-8E9D5FD443EB}.Release|x86.ActiveCfg = Release|Win32
		{6471D96B-12AB-4FCC-8D53-8E9D5FD443EB}.Release|x86.Build.0 = Release|Win32
	EndGlobalSection
	GlobalSection(SolutionProperties) = preSolution
		HideSolutionNode = FALSE
	EndGlobalSection
	GlobalSection(ExtensibilityGlobals) = postSolution
		SolutionGuid = {E8AB4BE7-2E9E-43A2-8071-E61F5FB8F2F1}
	EndGlobalSection
EndGlobal
